
Microsoft Visual Studio Solution File, Format Version 12.00
# Visual Studio Version 17
VisualStudioVersion = 17.13.35825.156 d17.13
MinimumVisualStudioVersion = 10.0.40219.1
Project("{FAE04EC0-301F-11D3-BF4B-00C04F79EFBC}") = "videos", "videos.csproj", "{6E6E5351-6A7B-4E99-A54B-75534C14E99A}"
EndProject
Global
	GlobalSection(SolutionConfigurationPlatforms) = preSolution
		Debug|Any CPU = Debug|Any CPU
		Release|Any CPU = Release|Any CPU
	EndGlobalSection
	GlobalSection(ProjectConfigurationPlatforms) = postSolution
		{6E6E5351-6A7B-4E99-A54B-75534C14E99A}.Debug|Any CPU.ActiveCfg = Debug|Any CPU
		{6E6E5351-6A7B-4E99-A54B-75534C14E99A}.Debug|Any CPU.Build.0 = Debug|Any CPU
		{6E6E5351-6A7B-4E99-A54B-75534C14E99A}.Release|Any CPU.ActiveCfg = Release|Any CPU
		{6E6E5351-6A7B-4E99-A54B-75534C14E99A}.Release|Any CPU.Build.0 = Release|Any CPU
	EndGlobalSection
	GlobalSection(SolutionProperties) = preSolution
		HideSolutionNode = FALSE
	EndGlobalSection
	GlobalSection(ExtensibilityGlobals) = postSolution
		SolutionGuid = {3467F682-B74A-41D8-9347-77F1246F5F59}
	EndGlobalSection
EndGlobal
